
Microsoft Visual Studio Solution File, Format Version 12.00
# Visual Studio Version 17
VisualStudioVersion = 17.3.32804.467
MinimumVisualStudioVersion = 10.0.40219.1
Project("{9A19103F-16F7-4668-BE54-9A1E7A4F7556}") = "com.TechKart.UserApi.UnitTests", "com.TechKart.UserApi.UnitTests\com.TechKart.UserApi.UnitTests.csproj", "{C0E885B3-FA61-49A5-BC16-85D8985130CD}"
EndProject
Project("{9A19103F-16F7-4668-BE54-9A1E7A4F7556}") = "com.TechKart.UserApi", "TechKartApplication\com.TechKart.UserApi.csproj", "{B75720BF-696D-477D-8E9C-5065C6E1A1C7}"
EndProject
Global
	GlobalSection(SolutionConfigurationPlatforms) = preSolution
		Debug|Any CPU = Debug|Any CPU
		Release|Any CPU = Release|Any CPU
	EndGlobalSection
	GlobalSection(ProjectConfigurationPlatforms) = postSolution
		{C0E885B3-FA61-49A5-BC16-85D8985130CD}.Debug|Any CPU.ActiveCfg = Debug|Any CPU
		{C0E885B3-FA61-49A5-BC16-85D8985130CD}.Debug|Any CPU.Build.0 = Debug|Any CPU
		{C0E885B3-FA61-49A5-BC16-85D8985130CD}.Release|Any CPU.ActiveCfg = Release|Any CPU
		{C0E885B3-FA61-49A5-BC16-85D8985130CD}.Release|Any CPU.Build.0 = Release|Any CPU
		{B75720BF-696D-477D-8E9C-5065C6E1A1C7}.Debug|Any CPU.ActiveCfg = Debug|Any CPU
		{B75720BF-696D-477D-8E9C-5065C6E1A1C7}.Debug|Any CPU.Build.0 = Debug|Any CPU
		{B75720BF-696D-477D-8E9C-5065C6E1A1C7}.Release|Any CPU.ActiveCfg = Release|Any CPU
		{B75720BF-696D-477D-8E9C-5065C6E1A1C7}.Release|Any CPU.Build.0 = Release|Any CPU
	EndGlobalSection
	GlobalSection(SolutionProperties) = preSolution
		HideSolutionNode = FALSE
	EndGlobalSection
	GlobalSection(ExtensibilityGlobals) = postSolution
		SolutionGuid = {5719A589-7568-4ADD-95B5-8A67B0C9DF51}
	EndGlobalSection
EndGlobal
