
Microsoft Visual Studio Solution File, Format Version 12.00
# Visual Studio Version 17
VisualStudioVersion = 17.3.32804.467
MinimumVisualStudioVersion = 10.0.40219.1
Project("{9A19103F-16F7-4668-BE54-9A1E7A4F7556}") = "com.TechKart.ProductApi.UnitTests", "com.TechKart.ProductApi.UnitTests\com.TechKart.ProductApi.UnitTests.csproj", "{70431877-21AC-4FEA-A5D3-F490DD8CA3C0}"
EndProject
Project("{9A19103F-16F7-4668-BE54-9A1E7A4F7556}") = "com.TechKart.ProductApi", "com.TechKart.ProductApi\com.TechKart.ProductApi.csproj", "{B71BC662-2144-422F-881B-8E6D2FD6EC29}"
EndProject
Global
	GlobalSection(SolutionConfigurationPlatforms) = preSolution
		Debug|Any CPU = Debug|Any CPU
		Release|Any CPU = Release|Any CPU
	EndGlobalSection
	GlobalSection(ProjectConfigurationPlatforms) = postSolution
		{70431877-21AC-4FEA-A5D3-F490DD8CA3C0}.Debug|Any CPU.ActiveCfg = Debug|Any CPU
		{70431877-21AC-4FEA-A5D3-F490DD8CA3C0}.Debug|Any CPU.Build.0 = Debug|Any CPU
		{70431877-21AC-4FEA-A5D3-F490DD8CA3C0}.Release|Any CPU.ActiveCfg = Release|Any CPU
		{70431877-21AC-4FEA-A5D3-F490DD8CA3C0}.Release|Any CPU.Build.0 = Release|Any CPU
		{B71BC662-2144-422F-881B-8E6D2FD6EC29}.Debug|Any CPU.ActiveCfg = Debug|Any CPU
		{B71BC662-2144-422F-881B-8E6D2FD6EC29}.Debug|Any CPU.Build.0 = Debug|Any CPU
		{B71BC662-2144-422F-881B-8E6D2FD6EC29}.Release|Any CPU.ActiveCfg = Release|Any CPU
		{B71BC662-2144-422F-881B-8E6D2FD6EC29}.Release|Any CPU.Build.0 = Release|Any CPU
	EndGlobalSection
	GlobalSection(SolutionProperties) = preSolution
		HideSolutionNode = FALSE
	EndGlobalSection
	GlobalSection(ExtensibilityGlobals) = postSolution
		SolutionGuid = {C5C66975-1C33-4856-A8CE-CF18B6B8A2D3}
	EndGlobalSection
EndGlobal
